
Microsoft Visual Studio Solution File, Format Version 12.00
# Visual Studio Version 16
VisualStudioVersion = 16.0.31624.102
MinimumVisualStudioVersion = 10.0.40219.1
Project("{FAE04EC0-301F-11D3-BF4B-00C04F79EFBC}") = "wards23", "wards23\wards23.csproj", "{F2A2D7FC-8841-4214-B14C-1D8BFCDA99C7}"
EndProject
Global
	GlobalSection(SolutionConfigurationPlatforms) = preSolution
		Debug|Any CPU = Debug|Any CPU
		Release|Any CPU = Release|Any CPU
	EndGlobalSection
	GlobalSection(ProjectConfigurationPlatforms) = postSolution
		{F2A2D7FC-8841-4214-B14C-1D8BFCDA99C7}.Debug|Any CPU.ActiveCfg = Debug|Any CPU
		{F2A2D7FC-8841-4214-B14C-1D8BFCDA99C7}.Debug|Any CPU.Build.0 = Debug|Any CPU
		{F2A2D7FC-8841-4214-B14C-1D8BFCDA99C7}.Release|Any CPU.ActiveCfg = Release|Any CPU
		{F2A2D7FC-8841-4214-B14C-1D8BFCDA99C7}.Release|Any CPU.Build.0 = Release|Any CPU
	EndGlobalSection
	GlobalSection(SolutionProperties) = preSolution
		HideSolutionNode = FALSE
	EndGlobalSection
	GlobalSection(ExtensibilityGlobals) = postSolution
		SolutionGuid = {3332F9AA-C0D3-4829-8B43-633C00D20D3D}
	EndGlobalSection
EndGlobal
